
Microsoft Visual Studio Solution File, Format Version 12.00
# Visual Studio Version 16
VisualStudioVersion = 16.0.30406.217
MinimumVisualStudioVersion = 10.0.40219.1
Project("{FAE04EC0-301F-11D3-BF4B-00C04F79EFBC}") = "toDoTestWeb", "toDoTestWeb\toDoTestWeb.csproj", "{1CE6E515-1A44-4F21-9691-9B11EB3DAE55}"
EndProject
Global
	GlobalSection(SolutionConfigurationPlatforms) = preSolution
		Debug|Any CPU = Debug|Any CPU
		Release|Any CPU = Release|Any CPU
	EndGlobalSection
	GlobalSection(ProjectConfigurationPlatforms) = postSolution
		{1CE6E515-1A44-4F21-9691-9B11EB3DAE55}.Debug|Any CPU.ActiveCfg = Debug|Any CPU
		{1CE6E515-1A44-4F21-9691-9B11EB3DAE55}.Debug|Any CPU.Build.0 = Debug|Any CPU
		{1CE6E515-1A44-4F21-9691-9B11EB3DAE55}.Release|Any CPU.ActiveCfg = Release|Any CPU
		{1CE6E515-1A44-4F21-9691-9B11EB3DAE55}.Release|Any CPU.Build.0 = Release|Any CPU
	EndGlobalSection
	GlobalSection(SolutionProperties) = preSolution
		HideSolutionNode = FALSE
	EndGlobalSection
	GlobalSection(ExtensibilityGlobals) = postSolution
		SolutionGuid = {9657AF95-C3E0-411E-996B-EA58FDFF6114}
	EndGlobalSection
EndGlobal
